
Microsoft Visual Studio Solution File, Format Version 12.00
# Visual Studio Version 17
VisualStudioVersion = 17.4.33403.182
MinimumVisualStudioVersion = 10.0.40219.1
Project("{8BC9CEB8-8B4A-11D0-8D11-00A0C91BC942}") = "№1", "№1\№1.vcxproj", "{449E3524-811E-4444-B90D-36BCF7DEAE21}"
EndProject
Project("{8BC9CEB8-8B4A-11D0-8D11-00A0C91BC942}") = "№2", "№2\№2.vcxproj", "{03506DE7-2B9E-4844-8533-ADE43E08B69E}"
EndProject
Project("{8BC9CEB8-8B4A-11D0-8D11-00A0C91BC942}") = "№3", "№3\№3.vcxproj", "{488B0ED5-1AB5-4178-81ED-70ACC7A2E66C}"
EndProject
Project("{8BC9CEB8-8B4A-11D0-8D11-00A0C91BC942}") = "№4", "№4\№4.vcxproj", "{E9C6ACAF-A6E8-488A-9E58-2C1C9CAEB985}"
EndProject
Project("{8BC9CEB8-8B4A-11D0-8D11-00A0C91BC942}") = "№5", "№5\№5.vcxproj", "{5F85F2D0-D5F8-4D7F-BF1B-99DADB69B178}"
EndProject
Global
	GlobalSection(SolutionConfigurationPlatforms) = preSolution
		Debug|x64 = Debug|x64
		Debug|x86 = Debug|x86
		Release|x64 = Release|x64
		Release|x86 = Release|x86
	EndGlobalSection
	GlobalSection(ProjectConfigurationPlatforms) = postSolution
		{449E3524-811E-4444-B90D-36BCF7DEAE21}.Debug|x64.ActiveCfg = Debug|x64
		{449E3524-811E-4444-B90D-36BCF7DEAE21}.Debug|x64.Build.0 = Debug|x64
		{449E3524-811E-4444-B90D-36BCF7DEAE21}.Debug|x86.ActiveCfg = Debug|Win32
		{449E3524-811E-4444-B90D-36BCF7DEAE21}.Debug|x86.Build.0 = Debug|Win32
		{449E3524-811E-4444-B90D-36BCF7DEAE21}.Release|x64.ActiveCfg = Release|x64
		{449E3524-811E-4444-B90D-36BCF7DEAE21}.Release|x64.Build.0 = Release|x64
		{449E3524-811E-4444-B90D-36BCF7DEAE21}.Release|x86.ActiveCfg = Release|Win32
		{449E3524-811E-4444-B90D-36BCF7DEAE21}.Release|x86.Build.0 = Release|Win32
		{03506DE7-2B9E-4844-8533-ADE43E08B69E}.Debug|x64.ActiveCfg = Debug|x64
		{03506DE7-2B9E-4844-8533-ADE43E08B69E}.Debug|x64.Build.0 = Debug|x64
		{03506DE7-2B9E-4844-8533-ADE43E08B69E}.Debug|x86.ActiveCfg = Debug|Win32
		{03506DE7-2B9E-4844-8533-ADE43E08B69E}.Debug|x86.Build.0 = Debug|Win32
		{03506DE7-2B9E-4844-8533-ADE43E08B69E}.Release|x64.ActiveCfg = Release|x64
		{03506DE7-2B9E-4844-8533-ADE43E08B69E}.Release|x64.Build.0 = Release|x64
		{03506DE7-2B9E-4844-8533-ADE43E08B69E}.Release|x86.ActiveCfg = Release|Win32
		{03506DE7-2B9E-4844-8533-ADE43E08B69E}.Release|x86.Build.0 = Release|Win32
		{488B0ED5-1AB5-4178-81ED-70ACC7A2E66C}.Debug|x64.ActiveCfg = Debug|x64
		{488B0ED5-1AB5-4178-81ED-70ACC7A2E66C}.Debug|x64.Build.0 = Debug|x64
		{488B0ED5-1AB5-4178-81ED-70ACC7A2E66C}.Debug|x86.ActiveCfg = Debug|Win32
		{488B0ED5-1AB5-4178-81ED-70ACC7A2E66C}.Debug|x86.Build.0 = Debug|Win32
		{488B0ED5-1AB5-4178-81ED-70ACC7A2E66C}.Release|x64.ActiveCfg = Release|x64
		{488B0ED5-1AB5-4178-81ED-70ACC7A2E66C}.Release|x64.Build.0 = Release|x64
		{488B0ED5-1AB5-4178-81ED-70ACC7A2E66C}.Release|x86.ActiveCfg = Release|Win32
		{488B0ED5-1AB5-4178-81ED-70ACC7A2E66C}.Release|x86.Build.0 = Release|Win32
		{E9C6ACAF-A6E8-488A-9E58-2C1C9CAEB985}.Debug|x64.ActiveCfg = Debug|x64
		{E9C6ACAF-A6E8-488A-9E58-2C1C9CAEB985}.Debug|x64.Build.0 = Debug|x64
		{E9C6ACAF-A6E8-488A-9E58-2C1C9CAEB985}.Debug|x86.ActiveCfg = Debug|Win32
		{E9C6ACAF-A6E8-488A-9E58-2C1C9CAEB985}.Debug|x86.Build.0 = Debug|Win32
		{E9C6ACAF-A6E8-488A-9E58-2C1C9CAEB985}.Release|x64.ActiveCfg = Release|x64
		{E9C6ACAF-A6E8-488A-9E58-2C1C9CAEB985}.Release|x64.Build.0 = Release|x64
		{E9C6ACAF-A6E8-488A-9E58-2C1C9CAEB985}.Release|x86.ActiveCfg = Release|Win32
		{E9C6ACAF-A6E8-488A-9E58-2C1C9CAEB985}.Release|x86.Build.0 = Release|Win32
		{5F85F2D0-D5F8-4D7F-BF1B-99DADB69B178}.Debug|x64.ActiveCfg = Debug|x64
		{5F85F2D0-D5F8-4D7F-BF1B-99DADB69B178}.Debug|x64.Build.0 = Debug|x64
		{5F85F2D0-D5F8-4D7F-BF1B-99DADB69B178}.Debug|x86.ActiveCfg = Debug|Win32
		{5F85F2D0-D5F8-4D7F-BF1B-99DADB69B178}.Debug|x86.Build.0 = Debug|Win32
		{5F85F2D0-D5F8-4D7F-BF1B-99DADB69B178}.Release|x64.ActiveCfg = Release|x64
		{5F85F2D0-D5F8-4D7F-BF1B-99DADB69B178}.Release|x64.Build.0 = Release|x64
		{5F85F2D0-D5F8-4D7F-BF1B-99DADB69B178}.Release|x86.ActiveCfg = Release|Win32
		{5F85F2D0-D5F8-4D7F-BF1B-99DADB69B178}.Release|x86.Build.0 = Release|Win32
	EndGlobalSection
	GlobalSection(SolutionProperties) = preSolution
		HideSolutionNode = FALSE
	EndGlobalSection
	GlobalSection(ExtensibilityGlobals) = postSolution
		SolutionGuid = {BA699B4A-7127-4CCD-B046-3CABAECA83C7}
	EndGlobalSection
EndGlobal
